<?xml version="1.0" encoding="utf-8"?>
<Project ToolsVersion="4.0" xmlns="http://schemas.microsoft.com/developer/msbuild/2003">
  <ItemGroup>
    <Filter Include="Source Files">
      <UniqueIdentifier>{503889AF-A605-432B-9CA0-E748ED2CA6F2}</UniqueIdentifier>
    </Filter>
    <Filter Include="Header Files">
      <UniqueIdentifier>{6002037F-3E68-4582-AFEB-247906E2B50B}</UniqueIdentifier>
    </Filter>
    <Filter Include="Driver Package">
      <UniqueIdentifier>{4C7B3042-09BC-454E-AB99-C6C3032EB4C8}</UniqueIdentifier>
    </Filter>
  </ItemGroup>
  <ItemGroup>
    <ClCompile Include="src\driver.cpp">
      <Filter>Source Files</Filter>
    </ClCompile>
    <ClCompile Include="src\management.cpp">
      <Filter>Source Files</Filter>
    </ClCompile>
    <ClCompile Include="src\scsi.cpp">
      <Filter>Source Files</Filter>
    </ClCompile>
  </ItemGroup>
  <ItemGroup>
    <ClInclude Include="src\driver.h">
      <Filter>Header Files</Filter>
    </ClInclude>
    <ClInclude Include="src\driver_internal.h">
      <Filter>Header Files</Filter>
    </ClInclude>
    <ClInclude Include="..\shared\wispdisk_protocol.h">
      <Filter>Header Files</Filter>
    </ClInclude>
  </ItemGroup>
  <ItemGroup>
    <Inf Include="WispDisk.inf">
      <Filter>Driver Package</Filter>
    </Inf>
  </ItemGroup>
</Project>
